
Microsoft Visual Studio Solution File, Format Version 12.00
# Visual Studio 15
VisualStudioVersion = 15.0.28307.271
MinimumVisualStudioVersion = 10.0.40219.1
Project("{FAE04EC0-301F-11D3-BF4B-00C04F79EFBC}") = "B1ServiceLayer", "B1ServiceLayer\B1ServiceLayer.csproj", "{3A53102C-AE3D-4CF8-99C7-A8AF12EEF17A}"
EndProject
Global
	GlobalSection(SolutionConfigurationPlatforms) = preSolution
		Debug|Any CPU = Debug|Any CPU
		Release|Any CPU = Release|Any CPU
	EndGlobalSection
	GlobalSection(ProjectConfigurationPlatforms) = postSolution
		{3A53102C-AE3D-4CF8-99C7-A8AF12EEF17A}.Debug|Any CPU.ActiveCfg = Debug|Any CPU
		{3A53102C-AE3D-4CF8-99C7-A8AF12EEF17A}.Debug|Any CPU.Build.0 = Debug|Any CPU
		{3A53102C-AE3D-4CF8-99C7-A8AF12EEF17A}.Release|Any CPU.ActiveCfg = Release|Any CPU
		{3A53102C-AE3D-4CF8-99C7-A8AF12EEF17A}.Release|Any CPU.Build.0 = Release|Any CPU
	EndGlobalSection
	GlobalSection(SolutionProperties) = preSolution
		HideSolutionNode = FALSE
	EndGlobalSection
	GlobalSection(ExtensibilityGlobals) = postSolution
		SolutionGuid = {CBA120CE-F698-4397-8BB6-EB1962CE50C5}
	EndGlobalSection
EndGlobal
